// !$*UTF8*$!
{
	archiveVersion = 1;
	classes = {
	};
	objectVersion = 46;
	objects = {

/* Begin PBXBuildFile section */
		070B4040197C104100277A97 /* Cocoa.framework in Frameworks */ = {isa = PBXBuildFile; fileRef = 070B403F197C104100277A97 /* Cocoa.framework */; };
		070B404A197C104100277A97 /* InfoPlist.strings in Resources */ = {isa = PBXBuildFile; fileRef = 070B4048197C104100277A97 /* InfoPlist.strings */; };
		070B404C197C104100277A97 /* main.m in Sources */ = {isa = PBXBuildFile; fileRef = 070B404B197C104100277A97 /* main.m */; };
		070B4050197C104100277A97 /* Credits.rtf in Resources */ = {isa = PBXBuildFile; fileRef = 070B404E197C104100277A97 /* Credits.rtf */; };
		070B4053197C104100277A97 /* ArchSimAppDocument.m in Sources */ = {isa = PBXBuildFile; fileRef = 070B4052197C104100277A97 /* ArchSimAppDocument.m */; };
		070B4056197C104100277A97 /* ArchSimAppDocument.xib in Resources */ = {isa = PBXBuildFile; fileRef = 070B4054197C104100277A97 /* ArchSimAppDocument.xib */; };
		070B4059197C104100277A97 /* MainMenu.xib in Resources */ = {isa = PBXBuildFile; fileRef = 070B4057197C104100277A97 /* MainMenu.xib */; };
		070B405C197C104100277A97 /* ArchSimAppDocument.xcdatamodeld in Sources */ = {isa = PBXBuildFile; fileRef = 070B405A197C104100277A97 /* ArchSimAppDocument.xcdatamodeld */; };
		070B405E197C104100277A97 /* Images.xcassets in Resources */ = {isa = PBXBuildFile; fileRef = 070B405D197C104100277A97 /* Images.xcassets */; };
		070B4065197C104100277A97 /* XCTest.framework in Frameworks */ = {isa = PBXBuildFile; fileRef = 070B4064197C104100277A97 /* XCTest.framework */; };
		070B4066197C104100277A97 /* Cocoa.framework in Frameworks */ = {isa = PBXBuildFile; fileRef = 070B403F197C104100277A97 /* Cocoa.framework */; };
		070B406E197C104100277A97 /* InfoPlist.strings in Resources */ = {isa = PBXBuildFile; fileRef = 070B406C197C104100277A97 /* InfoPlist.strings */; };
		070B4070197C104100277A97 /* Archway_SimulatorTests.m in Sources */ = {isa = PBXBuildFile; fileRef = 070B406F197C104100277A97 /* Archway_SimulatorTests.m */; };
		070B407A197C129000277A97 /* WebKit.framework in Frameworks */ = {isa = PBXBuildFile; fileRef = 070B4079197C129000277A97 /* WebKit.framework */; };
		070B407D197C155D00277A97 /* AppDelegate.m in Sources */ = {isa = PBXBuildFile; fileRef = 070B407C197C155D00277A97 /* AppDelegate.m */; };
/* End PBXBuildFile section */

/* Begin PBXContainerItemProxy section */
		070B4067197C104100277A97 /* PBXContainerItemProxy */ = {
			isa = PBXContainerItemProxy;
			containerPortal = 070B4034197C104100277A97 /* Project object */;
			proxyType = 1;
			remoteGlobalIDString = 070B403B197C104100277A97;
			remoteInfo = "Archway Simulator";
		};
/* End PBXContainerItemProxy section */

/* Begin PBXFileReference section */
		070B403C197C104100277A97 /* Archway Simulator.app */ = {isa = PBXFileReference; explicitFileType = wrapper.application; includeInIndex = 0; path = "Archway Simulator.app"; sourceTree = BUILT_PRODUCTS_DIR; };
		070B403F197C104100277A97 /* Cocoa.framework */ = {isa = PBXFileReference; lastKnownFileType = wrapper.framework; name = Cocoa.framework; path = System/Library/Frameworks/Cocoa.framework; sourceTree = SDKROOT; };
		070B4042197C104100277A97 /* AppKit.framework */ = {isa = PBXFileReference; lastKnownFileType = wrapper.framework; name = AppKit.framework; path = System/Library/Frameworks/AppKit.framework; sourceTree = SDKROOT; };
		070B4043197C104100277A97 /* CoreData.framework */ = {isa = PBXFileReference; lastKnownFileType = wrapper.framework; name = CoreData.framework; path = System/Library/Frameworks/CoreData.framework; sourceTree = SDKROOT; };
		070B4044197C104100277A97 /* Foundation.framework */ = {isa = PBXFileReference; lastKnownFileType = wrapper.framework; name = Foundation.framework; path = System/Library/Frameworks/Foundation.framework; sourceTree = SDKROOT; };
		070B4047197C104100277A97 /* Archway Simulator-Info.plist */ = {isa = PBXFileReference; lastKnownFileType = text.plist.xml; path = "Archway Simulator-Info.plist"; sourceTree = "<group>"; };
		070B4049197C104100277A97 /* en */ = {isa = PBXFileReference; lastKnownFileType = text.plist.strings; name = en; path = en.lproj/InfoPlist.strings; sourceTree = "<group>"; };
		070B404B197C104100277A97 /* main.m */ = {isa = PBXFileReference; lastKnownFileType = sourcecode.c.objc; path = main.m; sourceTree = "<group>"; };
		070B404D197C104100277A97 /* Archway Simulator-Prefix.pch */ = {isa = PBXFileReference; lastKnownFileType = sourcecode.c.h; path = "Archway Simulator-Prefix.pch"; sourceTree = "<group>"; };
		070B404F197C104100277A97 /* en */ = {isa = PBXFileReference; lastKnownFileType = text.rtf; name = en; path = en.lproj/Credits.rtf; sourceTree = "<group>"; };
		070B4051197C104100277A97 /* ArchSimAppDocument.h */ = {isa = PBXFileReference; lastKnownFileType = sourcecode.c.h; path = ArchSimAppDocument.h; sourceTree = "<group>"; };
		070B4052197C104100277A97 /* ArchSimAppDocument.m */ = {isa = PBXFileReference; lastKnownFileType = sourcecode.c.objc; path = ArchSimAppDocument.m; sourceTree = "<group>"; };
		070B4055197C104100277A97 /* Base */ = {isa = PBXFileReference; lastKnownFileType = file.xib; name = Base; path = Base.lproj/ArchSimAppDocument.xib; sourceTree = "<group>"; };
		070B4058197C104100277A97 /* Base */ = {isa = PBXFileReference; lastKnownFileType = file.xib; name = Base; path = Base.lproj/MainMenu.xib; sourceTree = "<group>"; };
		070B405B197C104100277A97 /* ArchSimAppDocument.xcdatamodel */ = {isa = PBXFileReference; lastKnownFileType = wrapper.xcdatamodel; path = ArchSimAppDocument.xcdatamodel; sourceTree = "<group>"; };
		070B405D197C104100277A97 /* Images.xcassets */ = {isa = PBXFileReference; lastKnownFileType = folder.assetcatalog; path = Images.xcassets; sourceTree = "<group>"; };
		070B4063197C104100277A97 /* Archway SimulatorTests.xctest */ = {isa = PBXFileReference; explicitFileType = wrapper.cfbundle; includeInIndex = 0; path = "Archway SimulatorTests.xctest"; sourceTree = BUILT_PRODUCTS_DIR; };
		070B4064197C104100277A97 /* XCTest.framework */ = {isa = PBXFileReference; lastKnownFileType = wrapper.framework; name = XCTest.framework; path = Library/Frameworks/XCTest.framework; sourceTree = DEVELOPER_DIR; };
		070B406B197C104100277A97 /* Archway SimulatorTests-Info.plist */ = {isa = PBXFileReference; lastKnownFileType = text.plist.xml; path = "Archway SimulatorTests-Info.plist"; sourceTree = "<group>"; };
		070B406D197C104100277A97 /* en */ = {isa = PBXFileReference; lastKnownFileType = text.plist.strings; name = en; path = en.lproj/InfoPlist.strings; sourceTree = "<group>"; };
		070B406F197C104100277A97 /* Archway_SimulatorTests.m */ = {isa = PBXFileReference; lastKnownFileType = sourcecode.c.objc; path = Archway_SimulatorTests.m; sourceTree = "<group>"; };
		070B4079197C129000277A97 /* WebKit.framework */ = {isa = PBXFileReference; lastKnownFileType = wrapper.framework; name = WebKit.framework; path = System/Library/Frameworks/WebKit.framework; sourceTree = SDKROOT; };
		070B407B197C155D00277A97 /* AppDelegate.h */ = {isa = PBXFileReference; fileEncoding = 4; lastKnownFileType = sourcecode.c.h; path = AppDelegate.h; sourceTree = "<group>"; };
		070B407C197C155D00277A97 /* AppDelegate.m */ = {isa = PBXFileReference; fileEncoding = 4; lastKnownFileType = sourcecode.c.objc; path = AppDelegate.m; sourceTree = "<group>"; };
/* End PBXFileReference section */

/* Begin PBXFrameworksBuildPhase section */
		070B4039197C104100277A97 /* Frameworks */ = {
			isa = PBXFrameworksBuildPhase;
			buildActionMask = 2147483647;
			files = (
				070B407A197C129000277A97 /* WebKit.framework in Frameworks */,
				070B4040197C104100277A97 /* Cocoa.framework in Frameworks */,
			);
			runOnlyForDeploymentPostprocessing = 0;
		};
		070B4060197C104100277A97 /* Frameworks */ = {
			isa = PBXFrameworksBuildPhase;
			buildActionMask = 2147483647;
			files = (
				070B4066197C104100277A97 /* Cocoa.framework in Frameworks */,
				070B4065197C104100277A97 /* XCTest.framework in Frameworks */,
			);
			runOnlyForDeploymentPostprocessing = 0;
		};
/* End PBXFrameworksBuildPhase section */

/* Begin PBXGroup section */
		070B4033197C104100277A97 = {
			isa = PBXGroup;
			children = (
				070B4045197C104100277A97 /* Archway Simulator */,
				070B4069197C104100277A97 /* Archway SimulatorTests */,
				070B403E197C104100277A97 /* Frameworks */,
				070B403D197C104100277A97 /* Products */,
			);
			sourceTree = "<group>";
		};
		070B403D197C104100277A97 /* Products */ = {
			isa = PBXGroup;
			children = (
				070B403C197C104100277A97 /* Archway Simulator.app */,
				070B4063197C104100277A97 /* Archway SimulatorTests.xctest */,
			);
			name = Products;
			sourceTree = "<group>";
		};
		070B403E197C104100277A97 /* Frameworks */ = {
			isa = PBXGroup;
			children = (
				070B4079197C129000277A97 /* WebKit.framework */,
				070B403F197C104100277A97 /* Cocoa.framework */,
				070B4064197C104100277A97 /* XCTest.framework */,
				070B4041197C104100277A97 /* Other Frameworks */,
			);
			name = Frameworks;
			sourceTree = "<group>";
		};
		070B4041197C104100277A97 /* Other Frameworks */ = {
			isa = PBXGroup;
			children = (
				070B4042197C104100277A97 /* AppKit.framework */,
				070B4043197C104100277A97 /* CoreData.framework */,
				070B4044197C104100277A97 /* Foundation.framework */,
			);
			name = "Other Frameworks";
			sourceTree = "<group>";
		};
		070B4045197C104100277A97 /* Archway Simulator */ = {
			isa = PBXGroup;
			children = (
				070B4051197C104100277A97 /* ArchSimAppDocument.h */,
				070B4052197C104100277A97 /* ArchSimAppDocument.m */,
				070B4054197C104100277A97 /* ArchSimAppDocument.xib */,
				070B4057197C104100277A97 /* MainMenu.xib */,
				070B405D197C104100277A97 /* Images.xcassets */,
				070B405A197C104100277A97 /* ArchSimAppDocument.xcdatamodeld */,
				070B4046197C104100277A97 /* Supporting Files */,
				070B407B197C155D00277A97 /* AppDelegate.h */,
				070B407C197C155D00277A97 /* AppDelegate.m */,
			);
			path = "Archway Simulator";
			sourceTree = "<group>";
		};
		070B4046197C104100277A97 /* Supporting Files */ = {
			isa = PBXGroup;
			children = (
				070B4047197C104100277A97 /* Archway Simulator-Info.plist */,
				070B4048197C104100277A97 /* InfoPlist.strings */,
				070B404B197C104100277A97 /* main.m */,
				070B404D197C104100277A97 /* Archway Simulator-Prefix.pch */,
				070B404E197C104100277A97 /* Credits.rtf */,
			);
			name = "Supporting Files";
			sourceTree = "<group>";
		};
		070B4069197C104100277A97 /* Archway SimulatorTests */ = {
			isa = PBXGroup;
			children = (
				070B406F197C104100277A97 /* Archway_SimulatorTests.m */,
				070B406A197C104100277A97 /* Supporting Files */,
			);
			path = "Archway SimulatorTests";
			sourceTree = "<group>";
		};
		070B406A197C104100277A97 /* Supporting Files */ = {
			isa = PBXGroup;
			children = (
				070B406B197C104100277A97 /* Archway SimulatorTests-Info.plist */,
				070B406C197C104100277A97 /* InfoPlist.strings */,
			);
			name = "Supporting Files";
			sourceTree = "<group>";
		};
/* End PBXGroup section */

/* Begin PBXNativeTarget section */
		070B403B197C104100277A97 /* Archway Simulator */ = {
			isa = PBXNativeTarget;
			buildConfigurationList = 070B4073197C104100277A97 /* Build configuration list for PBXNativeTarget "Archway Simulator" */;
			buildPhases = (
				070B4038197C104100277A97 /* Sources */,
				070B4039197C104100277A97 /* Frameworks */,
				070B403A197C104100277A97 /* Resources */,
			);
			buildRules = (
			);
			dependencies = (
			);
			name = "Archway Simulator";
			productName = "Archway Simulator";
			productReference = 070B403C197C104100277A97 /* Archway Simulator.app */;
			productType = "com.apple.product-type.application";
		};
		070B4062197C104100277A97 /* Archway SimulatorTests */ = {
			isa = PBXNativeTarget;
			buildConfigurationList = 070B4076197C104100277A97 /* Build configuration list for PBXNativeTarget "Archway SimulatorTests" */;
			buildPhases = (
				070B405F197C104100277A97 /* Sources */,
				070B4060197C104100277A97 /* Frameworks */,
				070B4061197C104100277A97 /* Resources */,
			);
			buildRules = (
			);
			dependencies = (
				070B4068197C104100277A97 /* PBXTargetDependency */,
			);
			name = "Archway SimulatorTests";
			productName = "Archway SimulatorTests";
			productReference = 070B4063197C104100277A97 /* Archway SimulatorTests.xctest */;
			productType = "com.apple.product-type.bundle.unit-test";
		};
/* End PBXNativeTarget section */

/* Begin PBXProject section */
		070B4034197C104100277A97 /* Project object */ = {
			isa = PBXProject;
			attributes = {
				CLASSPREFIX = ArchSimApp;
				LastUpgradeCheck = 0510;
				ORGANIZATIONNAME = "Eric Miller";
				TargetAttributes = {
					070B4062197C104100277A97 = {
						TestTargetID = 070B403B197C104100277A97;
					};
				};
			};
			buildConfigurationList = 070B4037197C104100277A97 /* Build configuration list for PBXProject "Archway Simulator" */;
			compatibilityVersion = "Xcode 3.2";
			developmentRegion = English;
			hasScannedForEncodings = 0;
			knownRegions = (
				en,
				Base,
			);
			mainGroup = 070B4033197C104100277A97;
			productRefGroup = 070B403D197C104100277A97 /* Products */;
			projectDirPath = "";
			projectRoot = "";
			targets = (
				070B403B197C104100277A97 /* Archway Simulator */,
				070B4062197C104100277A97 /* Archway SimulatorTests */,
			);
		};
/* End PBXProject section */

/* Begin PBXResourcesBuildPhase section */
		070B403A197C104100277A97 /* Resources */ = {
			isa = PBXResourcesBuildPhase;
			buildActionMask = 2147483647;
			files = (
				070B404A197C104100277A97 /* InfoPlist.strings in Resources */,
				070B405E197C104100277A97 /* Images.xcassets in Resources */,
				070B4056197C104100277A97 /* ArchSimAppDocument.xib in Resources */,
				070B4050197C104100277A97 /* Credits.rtf in Resources */,
				070B4059197C104100277A97 /* MainMenu.xib in Resources */,
			);
			runOnlyForDeploymentPostprocessing = 0;
		};
		070B4061197C104100277A97 /* Resources */ = {
			isa = PBXResourcesBuildPhase;
			buildActionMask = 2147483647;
			files = (
				070B406E197C104100277A97 /* InfoPlist.strings in Resources */,
			);
			runOnlyForDeploymentPostprocessing = 0;
		};
/* End PBXResourcesBuildPhase section */

/* Begin PBXSourcesBuildPhase section */
		070B4038197C104100277A97 /* Sources */ = {
			isa = PBXSourcesBuildPhase;
			buildActionMask = 2147483647;
			files = (
				070B407D197C155D00277A97 /* AppDelegate.m in Sources */,
				070B405C197C104100277A97 /* ArchSimAppDocument.xcdatamodeld in Sources */,
				070B4053197C104100277A97 /* ArchSimAppDocument.m in Sources */,
				070B404C197C104100277A97 /* main.m in Sources */,
			);
			runOnlyForDeploymentPostprocessing = 0;
		};
		070B405F197C104100277A97 /* Sources */ = {
			isa = PBXSourcesBuildPhase;
			buildActionMask = 2147483647;
			files = (
				070B4070197C104100277A97 /* Archway_SimulatorTests.m in Sources */,
			);
			runOnlyForDeploymentPostprocessing = 0;
		};
/* End PBXSourcesBuildPhase section */

/* Begin PBXTargetDependency section */
		070B4068197C104100277A97 /* PBXTargetDependency */ = {
			isa = PBXTargetDependency;
			target = 070B403B197C104100277A97 /* Archway Simulator */;
			targetProxy = 070B4067197C104100277A97 /* PBXContainerItemProxy */;
		};
/* End PBXTargetDependency section */

/* Begin PBXVariantGroup section */
		070B4048197C104100277A97 /* InfoPlist.strings */ = {
			isa = PBXVariantGroup;
			children = (
				070B4049197C104100277A97 /* en */,
			);
			name = InfoPlist.strings;
			sourceTree = "<group>";
		};
		070B404E197C104100277A97 /* Credits.rtf */ = {
			isa = PBXVariantGroup;
			children = (
				070B404F197C104100277A97 /* en */,
			);
			name = Credits.rtf;
			sourceTree = "<group>";
		};
		070B4054197C104100277A97 /* ArchSimAppDocument.xib */ = {
			isa = PBXVariantGroup;
			children = (
				070B4055197C104100277A97 /* Base */,
			);
			name = ArchSimAppDocument.xib;
			sourceTree = "<group>";
		};
		070B4057197C104100277A97 /* MainMenu.xib */ = {
			isa = PBXVariantGroup;
			children = (
				070B4058197C104100277A97 /* Base */,
			);
			name = MainMenu.xib;
			sourceTree = "<group>";
		};
		070B406C197C104100277A97 /* InfoPlist.strings */ = {
			isa = PBXVariantGroup;
			children = (
				070B406D197C104100277A97 /* en */,
			);
			name = InfoPlist.strings;
			sourceTree = "<group>";
		};
/* End PBXVariantGroup section */

/* Begin XCBuildConfiguration section */
		070B4071197C104100277A97 /* Debug */ = {
			isa = XCBuildConfiguration;
			buildSettings = {
				ALWAYS_SEARCH_USER_PATHS = NO;
				CLANG_CXX_LANGUAGE_STANDARD = "gnu++0x";
				CLANG_CXX_LIBRARY = "libc++";
				CLANG_ENABLE_MODULES = YES;
				CLANG_ENABLE_OBJC_ARC = YES;
				CLANG_WARN_BOOL_CONVERSION = YES;
				CLANG_WARN_CONSTANT_CONVERSION = YES;
				CLANG_WARN_DIRECT_OBJC_ISA_USAGE = YES_ERROR;
				CLANG_WARN_EMPTY_BODY = YES;
				CLANG_WARN_ENUM_CONVERSION = YES;
				CLANG_WARN_INT_CONVERSION = YES;
				CLANG_WARN_OBJC_ROOT_CLASS = YES_ERROR;
				CLANG_WARN__DUPLICATE_METHOD_MATCH = YES;
				COPY_PHASE_STRIP = NO;
				GCC_C_LANGUAGE_STANDARD = gnu99;
				GCC_DYNAMIC_NO_PIC = NO;
				GCC_ENABLE_OBJC_EXCEPTIONS = YES;
				GCC_OPTIMIZATION_LEVEL = 0;
				GCC_PREPROCESSOR_DEFINITIONS = (
					"DEBUG=1",
					"$(inherited)",
				);
				GCC_SYMBOLS_PRIVATE_EXTERN = NO;
				GCC_WARN_64_TO_32_BIT_CONVERSION = YES;
				GCC_WARN_ABOUT_RETURN_TYPE = YES_ERROR;
				GCC_WARN_UNDECLARED_SELECTOR = YES;
				GCC_WARN_UNINITIALIZED_AUTOS = YES_AGGRESSIVE;
				GCC_WARN_UNUSED_FUNCTION = YES;
				GCC_WARN_UNUSED_VARIABLE = YES;
				MACOSX_DEPLOYMENT_TARGET = 10.9;
				ONLY_ACTIVE_ARCH = YES;
				SDKROOT = macosx;
			};
			name = Debug;
		};
		070B4072197C104100277A97 /* Release */ = {
			isa = XCBuildConfiguration;
			buildSettings = {
				ALWAYS_SEARCH_USER_PATHS = NO;
				CLANG_CXX_LANGUAGE_STANDARD = "gnu++0x";
				CLANG_CXX_LIBRARY = "libc++";
				CLANG_ENABLE_MODULES = YES;
				CLANG_ENABLE_OBJC_ARC = YES;
				CLANG_WARN_BOOL_CONVERSION = YES;
				CLANG_WARN_CONSTANT_CONVERSION = YES;
				CLANG_WARN_DIRECT_OBJC_ISA_USAGE = YES_ERROR;
				CLANG_WARN_EMPTY_BODY = YES;
				CLANG_WARN_ENUM_CONVERSION = YES;
				CLANG_WARN_INT_CONVERSION = YES;
				CLANG_WARN_OBJC_ROOT_CLASS = YES_ERROR;
				CLANG_WARN__DUPLICATE_METHOD_MATCH = YES;
				COPY_PHASE_STRIP = YES;
				DEBUG_INFORMATION_FORMAT = "dwarf-with-dsym";
				ENABLE_NS_ASSERTIONS = NO;
				GCC_C_LANGUAGE_STANDARD = gnu99;
				GCC_ENABLE_OBJC_EXCEPTIONS = YES;
				GCC_WARN_64_TO_32_BIT_CONVERSION = YES;
				GCC_WARN_ABOUT_RETURN_TYPE = YES_ERROR;
				GCC_WARN_UNDECLARED_SELECTOR = YES;
				GCC_WARN_UNINITIALIZED_AUTOS = YES_AGGRESSIVE;
				GCC_WARN_UNUSED_FUNCTION = YES;
				GCC_WARN_UNUSED_VARIABLE = YES;
				MACOSX_DEPLOYMENT_TARGET = 10.9;
				SDKROOT = macosx;
			};
			name = Release;
		};
		070B4074197C104100277A97 /* Debug */ = {
			isa = XCBuildConfiguration;
			buildSettings = {
				ASSETCATALOG_COMPILER_APPICON_NAME = AppIcon;
				COMBINE_HIDPI_IMAGES = YES;
				GCC_PRECOMPILE_PREFIX_HEADER = YES;
				GCC_PREFIX_HEADER = "Archway Simulator/Archway Simulator-Prefix.pch";
				INFOPLIST_FILE = "Archway Simulator/Archway Simulator-Info.plist";
				PRODUCT_NAME = "$(TARGET_NAME)";
				WRAPPER_EXTENSION = app;
			};
			name = Debug;
		};
		070B4075197C104100277A97 /* Release */ = {
			isa = XCBuildConfiguration;
			buildSettings = {
				ASSETCATALOG_COMPILER_APPICON_NAME = AppIcon;
				COMBINE_HIDPI_IMAGES = YES;
				GCC_PRECOMPILE_PREFIX_HEADER = YES;
				GCC_PREFIX_HEADER = "Archway Simulator/Archway Simulator-Prefix.pch";
				INFOPLIST_FILE = "Archway Simulator/Archway Simulator-Info.plist";
				PRODUCT_NAME = "$(TARGET_NAME)";
				WRAPPER_EXTENSION = app;
			};
			name = Release;
		};
		070B4077197C104100277A97 /* Debug */ = {
			isa = XCBuildConfiguration;
			buildSettings = {
				BUNDLE_LOADER = "$(BUILT_PRODUCTS_DIR)/Archway Simulator.app/Contents/MacOS/Archway Simulator";
				COMBINE_HIDPI_IMAGES = YES;
				FRAMEWORK_SEARCH_PATHS = (
					"$(DEVELOPER_FRAMEWORKS_DIR)",
					"$(inherited)",
				);
				GCC_PRECOMPILE_PREFIX_HEADER = YES;
				GCC_PREFIX_HEADER = "Archway Simulator/Archway Simulator-Prefix.pch";
				GCC_PREPROCESSOR_DEFINITIONS = (
					"DEBUG=1",
					"$(inherited)",
				);
				INFOPLIST_FILE = "Archway SimulatorTests/Archway SimulatorTests-Info.plist";
				PRODUCT_NAME = "$(TARGET_NAME)";
				TEST_HOST = "$(BUNDLE_LOADER)";
				WRAPPER_EXTENSION = xctest;
			};
			name = Debug;
		};
		070B4078197C104100277A97 /* Release */ = {
			isa = XCBuildConfiguration;
			buildSettings = {
				BUNDLE_LOADER = "$(BUILT_PRODUCTS_DIR)/Archway Simulator.app/Contents/MacOS/Archway Simulator";
				COMBINE_HIDPI_IMAGES = YES;
				FRAMEWORK_SEARCH_PATHS = (
					"$(DEVELOPER_FRAMEWORKS_DIR)",
					"$(inherited)",
				);
				GCC_PRECOMPILE_PREFIX_HEADER = YES;
				GCC_PREFIX_HEADER = "Archway Simulator/Archway Simulator-Prefix.pch";
				INFOPLIST_FILE = "Archway SimulatorTests/Archway SimulatorTests-Info.plist";
				PRODUCT_NAME = "$(TARGET_NAME)";
				TEST_HOST = "$(BUNDLE_LOADER)";
				WRAPPER_EXTENSION = xctest;
			};
			name = Release;
		};
/* End XCBuildConfiguration section */

/* Begin XCConfigurationList section */
		070B4037197C104100277A97 /* Build configuration list for PBXProject "Archway Simulator" */ = {
			isa = XCConfigurationList;
			buildConfigurations = (
				070B4071197C104100277A97 /* Debug */,
				070B4072197C104100277A97 /* Release */,
			);
			defaultConfigurationIsVisible = 0;
			defaultConfigurationName = Release;
		};
		070B4073197C104100277A97 /* Build configuration list for PBXNativeTarget "Archway Simulator" */ = {
			isa = XCConfigurationList;
			buildConfigurations = (
				070B4074197C104100277A97 /* Debug */,
				070B4075197C104100277A97 /* Release */,
			);
			defaultConfigurationIsVisible = 0;
		};
		070B4076197C104100277A97 /* Build configuration list for PBXNativeTarget "Archway SimulatorTests" */ = {
			isa = XCConfigurationList;
			buildConfigurations = (
				070B4077197C104100277A97 /* Debug */,
				070B4078197C104100277A97 /* Release */,
			);
			defaultConfigurationIsVisible = 0;
		};
/* End XCConfigurationList section */

/* Begin XCVersionGroup section */
		070B405A197C104100277A97 /* ArchSimAppDocument.xcdatamodeld */ = {
			isa = XCVersionGroup;
			children = (
				070B405B197C104100277A97 /* ArchSimAppDocument.xcdatamodel */,
			);
			currentVersion = 070B405B197C104100277A97 /* ArchSimAppDocument.xcdatamodel */;
			path = ArchSimAppDocument.xcdatamodeld;
			sourceTree = "<group>";
			versionGroupType = wrapper.xcdatamodel;
		};
/* End XCVersionGroup section */
	};
	rootObject = 070B4034197C104100277A97 /* Project object */;
}
